{
  "requires": true,
  "lockfileVersion": 1,
  "dependencies": {
    "content.css": {
      "version": "3.2.0",
      "resolved": "https://registry.npmjs.org/content.css/-/content.css-3.2.0.tgz",
      "integrity": "sha512-UqkoITbdU18EbEwO3bYuGr42JcjBCuI/d9kn188KbU2+obLEUuzjOdMo2WvlERUFXMGw8b+pNcWbfxFhSHVdog=="
    },
    "main.css": {
      "version": "2.0.0",
      "resolved": "https://registry.npmjs.org/main.css/-/main.css-2.0.0.tgz",
      "integrity": "sha512-pmnD+2uPFw7hAs7FiDYLBiIiJfH9DfdvxUx1EkEDcOYyh90WQYEn0oV1d6I7UyoSaMZJ6zSJjNXRsTUwaD4FtA=="
    },
    "nav.css": {
      "version": "1.0.0",
      "resolved": "https://registry.npmjs.org/nav.css/-/nav.css-1.0.0.tgz",
      "integrity": "sha512-tn90PM2ZipzSuUwVB4fSiUVd2C1ZYcKZJvRgL71FM/Z26aY4MzN+Yv5cx9H2HxHUdMXDgZKB7/4FKP5DqCJq1A=="
    }
  }
}
